
Microsoft Visual Studio Solution File, Format Version 12.00
# Visual Studio Version 16
VisualStudioVersion = 16.0.29519.87
MinimumVisualStudioVersion = 10.0.40219.1
Project("{FAE04EC0-301F-11D3-BF4B-00C04F79EFBC}") = "ScheduleListInterface", "ScheduleList\ScheduleListInterface.csproj", "{80CDDF15-A243-4073-8DEB-1B5CABA55536}"
EndProject
Project("{FAE04EC0-301F-11D3-BF4B-00C04F79EFBC}") = "ScheduleListController", "ScheduleListController\ScheduleListController.csproj", "{A48928F1-BA89-42E5-A8C3-FCEBCE2AE2E9}"
EndProject
Project("{FAE04EC0-301F-11D3-BF4B-00C04F79EFBC}") = "ScheduleListService", "ScheduleListService\ScheduleListService.csproj", "{D3C1D6C6-589D-4255-9AEF-C1F571A9E4CA}"
EndProject
Project("{FAE04EC0-301F-11D3-BF4B-00C04F79EFBC}") = "ScheduleListPersistance", "ScheduleListPersistance\ScheduleListPersistance.csproj", "{506CA97F-91D0-4A72-81DC-C671AF7EDE6C}"
EndProject
Project("{FAE04EC0-301F-11D3-BF4B-00C04F79EFBC}") = "Models", "Models\Models.csproj", "{499BA655-3450-4A1F-A66D-579A3BD35917}"
EndProject
Project("{2150E333-8FDC-42A3-9474-1A3956D46DE8}") = "Controller", "Controller", "{7003E7ED-3D59-4B71-ACC2-7AADCF6D57F8}"
EndProject
Project("{2150E333-8FDC-42A3-9474-1A3956D46DE8}") = "Service", "Service", "{3E366544-7221-47CD-A8A1-8B88810A6DFE}"
EndProject
Project("{2150E333-8FDC-42A3-9474-1A3956D46DE8}") = "Persistance", "Persistance", "{D92789F4-8BB9-4A2A-8BDB-B77F4A97DAA5}"
EndProject
Global
	GlobalSection(SolutionConfigurationPlatforms) = preSolution
		Debug|Any CPU = Debug|Any CPU
		Release|Any CPU = Release|Any CPU
	EndGlobalSection
	GlobalSection(ProjectConfigurationPlatforms) = postSolution
		{80CDDF15-A243-4073-8DEB-1B5CABA55536}.Debug|Any CPU.ActiveCfg = Debug|Any CPU
		{80CDDF15-A243-4073-8DEB-1B5CABA55536}.Debug|Any CPU.Build.0 = Debug|Any CPU
		{80CDDF15-A243-4073-8DEB-1B5CABA55536}.Release|Any CPU.ActiveCfg = Release|Any CPU
		{80CDDF15-A243-4073-8DEB-1B5CABA55536}.Release|Any CPU.Build.0 = Release|Any CPU
		{A48928F1-BA89-42E5-A8C3-FCEBCE2AE2E9}.Debug|Any CPU.ActiveCfg = Debug|Any CPU
		{A48928F1-BA89-42E5-A8C3-FCEBCE2AE2E9}.Debug|Any CPU.Build.0 = Debug|Any CPU
		{A48928F1-BA89-42E5-A8C3-FCEBCE2AE2E9}.Release|Any CPU.ActiveCfg = Release|Any CPU
		{A48928F1-BA89-42E5-A8C3-FCEBCE2AE2E9}.Release|Any CPU.Build.0 = Release|Any CPU
		{D3C1D6C6-589D-4255-9AEF-C1F571A9E4CA}.Debug|Any CPU.ActiveCfg = Debug|Any CPU
		{D3C1D6C6-589D-4255-9AEF-C1F571A9E4CA}.Debug|Any CPU.Build.0 = Debug|Any CPU
		{D3C1D6C6-589D-4255-9AEF-C1F571A9E4CA}.Release|Any CPU.ActiveCfg = Release|Any CPU
		{D3C1D6C6-589D-4255-9AEF-C1F571A9E4CA}.Release|Any CPU.Build.0 = Release|Any CPU
		{506CA97F-91D0-4A72-81DC-C671AF7EDE6C}.Debug|Any CPU.ActiveCfg = Debug|Any CPU
		{506CA97F-91D0-4A72-81DC-C671AF7EDE6C}.Debug|Any CPU.Build.0 = Debug|Any CPU
		{506CA97F-91D0-4A72-81DC-C671AF7EDE6C}.Release|Any CPU.ActiveCfg = Release|Any CPU
		{506CA97F-91D0-4A72-81DC-C671AF7EDE6C}.Release|Any CPU.Build.0 = Release|Any CPU
		{499BA655-3450-4A1F-A66D-579A3BD35917}.Debug|Any CPU.ActiveCfg = Debug|Any CPU
		{499BA655-3450-4A1F-A66D-579A3BD35917}.Debug|Any CPU.Build.0 = Debug|Any CPU
		{499BA655-3450-4A1F-A66D-579A3BD35917}.Release|Any CPU.ActiveCfg = Release|Any CPU
		{499BA655-3450-4A1F-A66D-579A3BD35917}.Release|Any CPU.Build.0 = Release|Any CPU
	EndGlobalSection
	GlobalSection(SolutionProperties) = preSolution
		HideSolutionNode = FALSE
	EndGlobalSection
	GlobalSection(NestedProjects) = preSolution
		{A48928F1-BA89-42E5-A8C3-FCEBCE2AE2E9} = {7003E7ED-3D59-4B71-ACC2-7AADCF6D57F8}
		{D3C1D6C6-589D-4255-9AEF-C1F571A9E4CA} = {3E366544-7221-47CD-A8A1-8B88810A6DFE}
		{506CA97F-91D0-4A72-81DC-C671AF7EDE6C} = {D92789F4-8BB9-4A2A-8BDB-B77F4A97DAA5}
	EndGlobalSection
	GlobalSection(ExtensibilityGlobals) = postSolution
		SolutionGuid = {C4B1B059-AF01-4F25-9061-A7A86113F14F}
	EndGlobalSection
EndGlobal
